# THIS IS AN AUTOGENERATED FILE. DO NOT EDIT THIS FILE DIRECTLY.
# yarn lockfile v1


"@prisma/client@^2.19.0":
  version "2.19.0"
  resolved "https://registry.yarnpkg.com/@prisma/client/-/client-2.19.0.tgz#a45f17a59fd109e95b61bf4b56d4a7642169ec0e"
  integrity sha512-QK4M8TjJh1QesyO9aLM7DeAQUi5+UnNHpEAm5kwqBO1cq/4Ag5yU9ladctJFJleEE5BLewXHwV2t9A+VfCZslg==
  dependencies:
    "@prisma/engines-version" "2.19.0-39.c1455d0b443d66b0d9db9bcb1bb9ee0d5bbc511d"

"@prisma/engines-version@2.19.0-39.c1455d0b443d66b0d9db9bcb1bb9ee0d5bbc511d":
  version "2.19.0-39.c1455d0b443d66b0d9db9bcb1bb9ee0d5bbc511d"
  resolved "https://registry.yarnpkg.com/@prisma/engines-version/-/engines-version-2.19.0-39.c1455d0b443d66b0d9db9bcb1bb9ee0d5bbc511d.tgz#a7f80d481ec6cb8e2975ab530664d4ca5fc9eba6"
  integrity sha512-NzhbwC4iMbRQwJxdhNQX6eaVcOuNGtHRk6aesWE4KMf/YmlW5kfi3HDy7WZ/C4P0Iyn9oURDuk+xZV6QDUVjTw==

"@prisma/engines@2.19.0-39.c1455d0b443d66b0d9db9bcb1bb9ee0d5bbc511d":
  version "2.19.0-39.c1455d0b443d66b0d9db9bcb1bb9ee0d5bbc511d"
  resolved "https://registry.yarnpkg.com/@prisma/engines/-/engines-2.19.0-39.c1455d0b443d66b0d9db9bcb1bb9ee0d5bbc511d.tgz#db2809a6f7f18584e3ca89b1f5bad884155629ec"
  integrity sha512-rEWpaG7wZvPuWJC5SwkBB/Iwue//oC5yv58Mse7r+ibtgkA7vGdWc1bFDQ32DT9tDL5WSC6bBwqEASGV/1Gm1Q==

"@types/node@^14.14.35":
  version "14.14.35"
  resolved "https://registry.yarnpkg.com/@types/node/-/node-14.14.35.tgz#42c953a4e2b18ab931f72477e7012172f4ffa313"
  integrity sha512-Lt+wj8NVPx0zUmUwumiVXapmaLUcAk3yPuHCFVXras9k5VT9TdhJqKqGVUQCD60OTMCl0qxJ57OiTL0Mic3Iag==

csv-generate@^3.3.0:
  version "3.3.0"
  resolved "https://registry.yarnpkg.com/csv-generate/-/csv-generate-3.3.0.tgz#0e25658f1bb9806d94fec7b270896a35c7eedf1a"
  integrity sha512-EXSru4QwEWKwM7wwsJbhrZC+mHEJrhQFoXlohHs80CAU8Qhlv9gaw1sjzNiC3Hr3oUx5skDmEiAlz+tnKWV0RA==

csv-parse@^4.15.3:
  version "4.15.3"
  resolved "https://registry.yarnpkg.com/csv-parse/-/csv-parse-4.15.3.tgz#8a62759617a920c328cb31c351b05053b8f92b10"
  integrity sha512-jlTqDvLdHnYMSr08ynNfk4IAUSJgJjTKy2U5CQBSu4cN9vQOJonLVZP4Qo4gKKrIgIQ5dr07UwOJdi+lRqT12w==

csv-stringify@^5.6.2:
  version "5.6.2"
  resolved "https://registry.yarnpkg.com/csv-stringify/-/csv-stringify-5.6.2.tgz#e653783e2189c4c797fbb12abf7f4943c787caa9"
  integrity sha512-n3rIVbX6ylm1YsX2NEug9IaPV8xRnT+9/NNZbrA/bcHgOSSeqtWla6XnI/xmyu57wIw+ASCAoX1oM6EZtqJV0A==

csv@^5.4.0:
  version "5.4.0"
  resolved "https://registry.yarnpkg.com/csv/-/csv-5.4.0.tgz#48cb482c45d4f3604187b12162e6c43b69f4dd36"
  integrity sha512-wtdhi5Q53Rhjm2qzi2iDBLI1FHXTECXOTQ/jrZD5gzEXS9ukUkHwbhHRrCvv/vYFisy6uSoUeuW11P7KgrrDRg==
  dependencies:
    csv-generate "^3.3.0"
    csv-parse "^4.15.3"
    csv-stringify "^5.6.2"
    stream-transform "^2.0.4"

mixme@^0.4.0:
  version "0.4.0"
  resolved "https://registry.yarnpkg.com/mixme/-/mixme-0.4.0.tgz#a1aee27f0d63cc905e1cc6ddc98abf94d414435e"
  integrity sha512-B4Sm1CDC5+ov5AYxSkyeT5HLtiDgNOLKwFlq34wr8E2O3zRdTvQiLzo599Jt9cir6VJrSenOlgvdooVYCQJIYw==

prisma@^2.19.0:
  version "2.19.0"
  resolved "https://registry.yarnpkg.com/prisma/-/prisma-2.19.0.tgz#2c14f9cbbfb0ab69c8a9473e16736759713d29ad"
  integrity sha512-iartCNVrtR4XT20ABN3zrSi3R/pCBe75Y0ZH8681QIGm8qjRQzf3DnbscPZgZ9iY4KFuVxL8ZrBQVDmRhpN0EQ==
  dependencies:
    "@prisma/engines" "2.19.0-39.c1455d0b443d66b0d9db9bcb1bb9ee0d5bbc511d"

stream-transform@^2.0.4:
  version "2.0.4"
  resolved "https://registry.yarnpkg.com/stream-transform/-/stream-transform-2.0.4.tgz#911ff7556d1e25c237e95d783f6739d9e0b4a61c"
  integrity sha512-LQXH1pUksoef5Ijo6+2ihnjLLZtZuoqu1vhut6a7xZ77nrLA/shbbx2FAzVC/nkb6wwrPzOO98700mv4HDQcWg==
  dependencies:
    mixme "^0.4.0"
